
Microsoft Visual Studio Solution File, Format Version 12.00
# Visual Studio Version 17
VisualStudioVersion = 17.9.34701.34
MinimumVisualStudioVersion = 10.0.40219.1
Project("{888888A0-9F3D-457C-B088-3A5042F75D52}") = "Sensores2", "Sensores2.pyproj", "{19991AA2-8B54-4059-AFB2-040BDA25C301}"
EndProject
Global
	GlobalSection(SolutionConfigurationPlatforms) = preSolution
		Debug|Any CPU = Debug|Any CPU
		Release|Any CPU = Release|Any CPU
	EndGlobalSection
	GlobalSection(ProjectConfigurationPlatforms) = postSolution
		{19991AA2-8B54-4059-AFB2-040BDA25C301}.Debug|Any CPU.ActiveCfg = Debug|Any CPU
		{19991AA2-8B54-4059-AFB2-040BDA25C301}.Release|Any CPU.ActiveCfg = Release|Any CPU
	EndGlobalSection
	GlobalSection(SolutionProperties) = preSolution
		HideSolutionNode = FALSE
	EndGlobalSection
	GlobalSection(ExtensibilityGlobals) = postSolution
		SolutionGuid = {AE96D00F-D564-401F-9105-351E2272B572}
	EndGlobalSection
EndGlobal
